{
  "name": "agent-office-xr-test",
  "version": "0.0.0",
  "lockfileVersion": 3,
  "requires": true,
  "packages": {
    "": {
      "name": "agent-office-xr-test",
      "version": "0.0.0",
      "devDependencies": {
        "@iwsdk/cli": "1.0.0-rc.2"
      }
    },
    "node_modules/@iwsdk/cli": {
      "version": "1.0.0-rc.2",
      "resolved": "https://registry.npmjs.org/@iwsdk/cli/-/cli-1.0.0-rc.2.tgz",
      "integrity": "sha512-KrjZlXarGkBdlyJXXcvS5d9KUbOk/YiRuFUN/Mz2+s3CE3dUomgySNvEmYM5IFMrYJG7gdfEfmBDxKgNGNqrlA==",
      "dev": true,
      "license": "MIT",
      "dependencies": {
        "semver": "^7.6.3"
      },
      "bin": {
        "iwsdk": "bin/iwsdk.js"
      },
      "engines": {
        "node": ">=20.19.0 <21.0.0-0 || >=22.12.0 <23.0.0-0 || >=24.0.0"
      }
    },
    "node_modules/semver": {
      "version": "7.8.5",
      "resolved": "https://registry.npmjs.org/semver/-/semver-7.8.5.tgz",
      "integrity": "sha512-Y7/KDsb8LjooZpwaqGyulO6DQlksgCncchHGk+sZIY4SBvUocMBEFH5Ur1fI4dV+Jvl0w6cjvucaIi40puRioA==",
      "dev": true,
      "license": "ISC",
      "bin": {
        "semver": "bin/semver.js"
      },
      "engines": {
        "node": ">=10"
      }
    }
  }
}
